// !$*UTF8*$!
{
	archiveVersion = 1;
	classes = {
	};
	objectVersion = 46;
	objects = {

/* Begin PBXBuildFile section */
		A16905B41F14D67100052C73 /* pitch.jpeg in Resources */ = {isa = PBXBuildFile; fileRef = A16905B31F14D67100052C73 /* pitch.jpeg */; };
		A17D536E1F141AAE00C5675C /* AppDelegate.swift in Sources */ = {isa = PBXBuildFile; fileRef = A17D536D1F141AAE00C5675C /* AppDelegate.swift */; };
		A17D53701F141AAE00C5675C /* ViewController.swift in Sources */ = {isa = PBXBuildFile; fileRef = A17D536F1F141AAE00C5675C /* ViewController.swift */; };
		A17D53731F141AAE00C5675C /* Main.storyboard in Resources */ = {isa = PBXBuildFile; fileRef = A17D53711F141AAE00C5675C /* Main.storyboard */; };
		A17D53751F141AAE00C5675C /* Assets.xcassets in Resources */ = {isa = PBXBuildFile; fileRef = A17D53741F141AAE00C5675C /* Assets.xcassets */; };
		A17D53781F141AAE00C5675C /* LaunchScreen.storyboard in Resources */ = {isa = PBXBuildFile; fileRef = A17D53761F141AAE00C5675C /* LaunchScreen.storyboard */; };
		A17D53801F141B0800C5675C /* football-157931_960_720.png in Resources */ = {isa = PBXBuildFile; fileRef = A17D537F1F141B0800C5675C /* football-157931_960_720.png */; };
/* End PBXBuildFile section */

/* Begin PBXFileReference section */
		A16905B31F14D67100052C73 /* pitch.jpeg */ = {isa = PBXFileReference; lastKnownFileType = image.jpeg; path = pitch.jpeg; sourceTree = "<group>"; };
		A17D536A1F141AAE00C5675C /* Catch the Football.app */ = {isa = PBXFileReference; explicitFileType = wrapper.application; includeInIndex = 0; path = "Catch the Football.app"; sourceTree = BUILT_PRODUCTS_DIR; };
		A17D536D1F141AAE00C5675C /* AppDelegate.swift */ = {isa = PBXFileReference; lastKnownFileType = sourcecode.swift; path = AppDelegate.swift; sourceTree = "<group>"; };
		A17D536F1F141AAE00C5675C /* ViewController.swift */ = {isa = PBXFileReference; lastKnownFileType = sourcecode.swift; path = ViewController.swift; sourceTree = "<group>"; };
		A17D53721F141AAE00C5675C /* Base */ = {isa = PBXFileReference; lastKnownFileType = file.storyboard; name = Base; path = Base.lproj/Main.storyboard; sourceTree = "<group>"; };
		A17D53741F141AAE00C5675C /* Assets.xcassets */ = {isa = PBXFileReference; lastKnownFileType = folder.assetcatalog; path = Assets.xcassets; sourceTree = "<group>"; };
		A17D53771F141AAE00C5675C /* Base */ = {isa = PBXFileReference; lastKnownFileType = file.storyboard; name = Base; path = Base.lproj/LaunchScreen.storyboard; sourceTree = "<group>"; };
		A17D53791F141AAE00C5675C /* Info.plist */ = {isa = PBXFileReference; lastKnownFileType = text.plist.xml; path = Info.plist; sourceTree = "<group>"; };
		A17D537F1F141B0800C5675C /* football-157931_960_720.png */ = {isa = PBXFileReference; lastKnownFileType = image.png; path = "football-157931_960_720.png"; sourceTree = "<group>"; };
/* End PBXFileReference section */

/* Begin PBXFrameworksBuildPhase section */
		A17D53671F141AAE00C5675C /* Frameworks */ = {
			isa = PBXFrameworksBuildPhase;
			buildActionMask = 2147483647;
			files = (
			);
			runOnlyForDeploymentPostprocessing = 0;
		};
/* End PBXFrameworksBuildPhase section */

/* Begin PBXGroup section */
		A17D53611F141AAD00C5675C = {
			isa = PBXGroup;
			children = (
				A17D536C1F141AAE00C5675C /* Catch the Football */,
				A17D536B1F141AAE00C5675C /* Products */,
			);
			sourceTree = "<group>";
		};
		A17D536B1F141AAE00C5675C /* Products */ = {
			isa = PBXGroup;
			children = (
				A17D536A1F141AAE00C5675C /* Catch the Football.app */,
			);
			name = Products;
			sourceTree = "<group>";
		};
		A17D536C1F141AAE00C5675C /* Catch the Football */ = {
			isa = PBXGroup;
			children = (
				A16905B31F14D67100052C73 /* pitch.jpeg */,
				A17D537F1F141B0800C5675C /* football-157931_960_720.png */,
				A17D536D1F141AAE00C5675C /* AppDelegate.swift */,
				A17D536F1F141AAE00C5675C /* ViewController.swift */,
				A17D53711F141AAE00C5675C /* Main.storyboard */,
				A17D53741F141AAE00C5675C /* Assets.xcassets */,
				A17D53761F141AAE00C5675C /* LaunchScreen.storyboard */,
				A17D53791F141AAE00C5675C /* Info.plist */,
			);
			path = "Catch the Football";
			sourceTree = "<group>";
		};
/* End PBXGroup section */

/* Begin PBXNativeTarget section */
		A17D53691F141AAE00C5675C /* Catch the Football */ = {
			isa = PBXNativeTarget;
			buildConfigurationList = A17D537C1F141AAE00C5675C /* Build configuration list for PBXNativeTarget "Catch the Football" */;
			buildPhases = (
				A17D53661F141AAE00C5675C /* Sources */,
				A17D53671F141AAE00C5675C /* Frameworks */,
				A17D53681F141AAE00C5675C /* Resources */,
			);
			buildRules = (
			);
			dependencies = (
			);
			name = "Catch the Football";
			productName = "Catch the Football";
			productReference = A17D536A1F141AAE00C5675C /* Catch the Football.app */;
			productType = "com.apple.product-type.application";
		};
/* End PBXNativeTarget section */

/* Begin PBXProject section */
		A17D53621F141AAD00C5675C /* Project object */ = {
			isa = PBXProject;
			attributes = {
				LastSwiftUpdateCheck = 0830;
				LastUpgradeCheck = 0830;
				ORGANIZATIONNAME = "Andy Coupe";
				TargetAttributes = {
					A17D53691F141AAE00C5675C = {
						CreatedOnToolsVersion = 8.3.3;
						ProvisioningStyle = Automatic;
					};
				};
			};
			buildConfigurationList = A17D53651F141AAD00C5675C /* Build configuration list for PBXProject "Catch the Football" */;
			compatibilityVersion = "Xcode 3.2";
			developmentRegion = English;
			hasScannedForEncodings = 0;
			knownRegions = (
				en,
				Base,
			);
			mainGroup = A17D53611F141AAD00C5675C;
			productRefGroup = A17D536B1F141AAE00C5675C /* Products */;
			projectDirPath = "";
			projectRoot = "";
			targets = (
				A17D53691F141AAE00C5675C /* Catch the Football */,
			);
		};
/* End PBXProject section */

/* Begin PBXResourcesBuildPhase section */
		A17D53681F141AAE00C5675C /* Resources */ = {
			isa = PBXResourcesBuildPhase;
			buildActionMask = 2147483647;
			files = (
				A17D53781F141AAE00C5675C /* LaunchScreen.storyboard in Resources */,
				A17D53751F141AAE00C5675C /* Assets.xcassets in Resources */,
				A17D53801F141B0800C5675C /* football-157931_960_720.png in Resources */,
				A17D53731F141AAE00C5675C /* Main.storyboard in Resources */,
				A16905B41F14D67100052C73 /* pitch.jpeg in Resources */,
			);
			runOnlyForDeploymentPostprocessing = 0;
		};
/* End PBXResourcesBuildPhase section */

/* Begin PBXSourcesBuildPhase section */
		A17D53661F141AAE00C5675C /* Sources */ = {
			isa = PBXSourcesBuildPhase;
			buildActionMask = 2147483647;
			files = (
				A17D53701F141AAE00C5675C /* ViewController.swift in Sources */,
				A17D536E1F141AAE00C5675C /* AppDelegate.swift in Sources */,
			);
			runOnlyForDeploymentPostprocessing = 0;
		};
/* End PBXSourcesBuildPhase section */

/* Begin PBXVariantGroup section */
		A17D53711F141AAE00C5675C /* Main.storyboard */ = {
			isa = PBXVariantGroup;
			children = (
				A17D53721F141AAE00C5675C /* Base */,
			);
			name = Main.storyboard;
			sourceTree = "<group>";
		};
		A17D53761F141AAE00C5675C /* LaunchScreen.storyboard */ = {
			isa = PBXVariantGroup;
			children = (
				A17D53771F141AAE00C5675C /* Base */,
			);
			name = LaunchScreen.storyboard;
			sourceTree = "<group>";
		};
/* End PBXVariantGroup section */

/* Begin XCBuildConfiguration section */
		A17D537A1F141AAE00C5675C /* Debug */ = {
			isa = XCBuildConfiguration;
			buildSettings = {
				ALWAYS_SEARCH_USER_PATHS = NO;
				CLANG_ANALYZER_NONNULL = YES;
				CLANG_ANALYZER_NUMBER_OBJECT_CONVERSION = YES_AGGRESSIVE;
				CLANG_CXX_LANGUAGE_STANDARD = "gnu++0x";
				CLANG_CXX_LIBRARY = "libc++";
				CLANG_ENABLE_MODULES = YES;
				CLANG_ENABLE_OBJC_ARC = YES;
				CLANG_WARN_BOOL_CONVERSION = YES;
				CLANG_WARN_CONSTANT_CONVERSION = YES;
				CLANG_WARN_DIRECT_OBJC_ISA_USAGE = YES_ERROR;
				CLANG_WARN_DOCUMENTATION_COMMENTS = YES;
				CLANG_WARN_EMPTY_BODY = YES;
				CLANG_WARN_ENUM_CONVERSION = YES;
				CLANG_WARN_INFINITE_RECURSION = YES;
				CLANG_WARN_INT_CONVERSION = YES;
				CLANG_WARN_OBJC_ROOT_CLASS = YES_ERROR;
				CLANG_WARN_SUSPICIOUS_MOVE = YES;
				CLANG_WARN_UNREACHABLE_CODE = YES;
				CLANG_WARN__DUPLICATE_METHOD_MATCH = YES;
				"CODE_SIGN_IDENTITY[sdk=iphoneos*]" = "iPhone Developer";
				COPY_PHASE_STRIP = NO;
				DEBUG_INFORMATION_FORMAT = dwarf;
				ENABLE_STRICT_OBJC_MSGSEND = YES;
				ENABLE_TESTABILITY = YES;
				GCC_C_LANGUAGE_STANDARD = gnu99;
				GCC_DYNAMIC_NO_PIC = NO;
				GCC_NO_COMMON_BLOCKS = YES;
				GCC_OPTIMIZATION_LEVEL = 0;
				GCC_PREPROCESSOR_DEFINITIONS = (
					"DEBUG=1",
					"$(inherited)",
				);
				GCC_WARN_64_TO_32_BIT_CONVERSION = YES;
				GCC_WARN_ABOUT_RETURN_TYPE = YES_ERROR;
				GCC_WARN_UNDECLARED_SELECTOR = YES;
				GCC_WARN_UNINITIALIZED_AUTOS = YES_AGGRESSIVE;
				GCC_WARN_UNUSED_FUNCTION = YES;
				GCC_WARN_UNUSED_VARIABLE = YES;
				IPHONEOS_DEPLOYMENT_TARGET = 10.3;
				MTL_ENABLE_DEBUG_INFO = YES;
				ONLY_ACTIVE_ARCH = YES;
				SDKROOT = iphoneos;
				SWIFT_ACTIVE_COMPILATION_CONDITIONS = DEBUG;
				SWIFT_OPTIMIZATION_LEVEL = "-Onone";
				TARGETED_DEVICE_FAMILY = "1,2";
			};
			name = Debug;
		};
		A17D537B1F141AAE00C5675C /* Release */ = {
			isa = XCBuildConfiguration;
			buildSettings = {
				ALWAYS_SEARCH_USER_PATHS = NO;
				CLANG_ANALYZER_NONNULL = YES;
				CLANG_ANALYZER_NUMBER_OBJECT_CONVERSION = YES_AGGRESSIVE;
				CLANG_CXX_LANGUAGE_STANDARD = "gnu++0x";
				CLANG_CXX_LIBRARY = "libc++";
				CLANG_ENABLE_MODULES = YES;
				CLANG_ENABLE_OBJC_ARC = YES;
				CLANG_WARN_BOOL_CONVERSION = YES;
				CLANG_WARN_CONSTANT_CONVERSION = YES;
				CLANG_WARN_DIRECT_OBJC_ISA_USAGE = YES_ERROR;
				CLANG_WARN_DOCUMENTATION_COMMENTS = YES;
				CLANG_WARN_EMPTY_BODY = YES;
				CLANG_WARN_ENUM_CONVERSION = YES;
				CLANG_WARN_INFINITE_RECURSION = YES;
				CLANG_WARN_INT_CONVERSION = YES;
				CLANG_WARN_OBJC_ROOT_CLASS = YES_ERROR;
				CLANG_WARN_SUSPICIOUS_MOVE = YES;
				CLANG_WARN_UNREACHABLE_CODE = YES;
				CLANG_WARN__DUPLICATE_METHOD_MATCH = YES;
				"CODE_SIGN_IDENTITY[sdk=iphoneos*]" = "iPhone Developer";
				COPY_PHASE_STRIP = NO;
				DEBUG_INFORMATION_FORMAT = "dwarf-with-dsym";
				ENABLE_NS_ASSERTIONS = NO;
				ENABLE_STRICT_OBJC_MSGSEND = YES;
				GCC_C_LANGUAGE_STANDARD = gnu99;
				GCC_NO_COMMON_BLOCKS = YES;
				GCC_WARN_64_TO_32_BIT_CONVERSION = YES;
				GCC_WARN_ABOUT_RETURN_TYPE = YES_ERROR;
				GCC_WARN_UNDECLARED_SELECTOR = YES;
				GCC_WARN_UNINITIALIZED_AUTOS = YES_AGGRESSIVE;
				GCC_WARN_UNUSED_FUNCTION = YES;
				GCC_WARN_UNUSED_VARIABLE = YES;
				IPHONEOS_DEPLOYMENT_TARGET = 10.3;
				MTL_ENABLE_DEBUG_INFO = NO;
				SDKROOT = iphoneos;
				SWIFT_OPTIMIZATION_LEVEL = "-Owholemodule";
				TARGETED_DEVICE_FAMILY = "1,2";
				VALIDATE_PRODUCT = YES;
			};
			name = Release;
		};
		A17D537D1F141AAE00C5675C /* Debug */ = {
			isa = XCBuildConfiguration;
			buildSettings = {
				ASSETCATALOG_COMPILER_APPICON_NAME = AppIcon;
				INFOPLIST_FILE = "Catch the Football/Info.plist";
				LD_RUNPATH_SEARCH_PATHS = "$(inherited) @executable_path/Frameworks";
				PRODUCT_BUNDLE_IDENTIFIER = "com.andycoupe.Catch-the-Football";
				PRODUCT_NAME = "$(TARGET_NAME)";
				SWIFT_VERSION = 3.0;
			};
			name = Debug;
		};
		A17D537E1F141AAE00C5675C /* Release */ = {
			isa = XCBuildConfiguration;
			buildSettings = {
				ASSETCATALOG_COMPILER_APPICON_NAME = AppIcon;
				INFOPLIST_FILE = "Catch the Football/Info.plist";
				LD_RUNPATH_SEARCH_PATHS = "$(inherited) @executable_path/Frameworks";
				PRODUCT_BUNDLE_IDENTIFIER = "com.andycoupe.Catch-the-Football";
				PRODUCT_NAME = "$(TARGET_NAME)";
				SWIFT_VERSION = 3.0;
			};
			name = Release;
		};
/* End XCBuildConfiguration section */

/* Begin XCConfigurationList section */
		A17D53651F141AAD00C5675C /* Build configuration list for PBXProject "Catch the Football" */ = {
			isa = XCConfigurationList;
			buildConfigurations = (
				A17D537A1F141AAE00C5675C /* Debug */,
				A17D537B1F141AAE00C5675C /* Release */,
			);
			defaultConfigurationIsVisible = 0;
			defaultConfigurationName = Release;
		};
		A17D537C1F141AAE00C5675C /* Build configuration list for PBXNativeTarget "Catch the Football" */ = {
			isa = XCConfigurationList;
			buildConfigurations = (
				A17D537D1F141AAE00C5675C /* Debug */,
				A17D537E1F141AAE00C5675C /* Release */,
			);
			defaultConfigurationIsVisible = 0;
			defaultConfigurationName = Release;
		};
/* End XCConfigurationList section */
	};
	rootObject = A17D53621F141AAD00C5675C /* Project object */;
}
